
Microsoft Visual Studio Solution File, Format Version 12.00
# Visual Studio Version 17
VisualStudioVersion = 17.5.33627.172
MinimumVisualStudioVersion = 10.0.40219.1
Project("{9A19103F-16F7-4668-BE54-9A1E7A4F7556}") = "ViberMessageSenderAPI", "HotelBookingAPI\ViberMessageSenderAPI.csproj", "{BBF2995E-3AA7-4F02-B5DF-EE5BD4A3CFAC}"
EndProject
Global
	GlobalSection(SolutionConfigurationPlatforms) = preSolution
		Debug|Any CPU = Debug|Any CPU
		Release|Any CPU = Release|Any CPU
	EndGlobalSection
	GlobalSection(ProjectConfigurationPlatforms) = postSolution
		{BBF2995E-3AA7-4F02-B5DF-EE5BD4A3CFAC}.Debug|Any CPU.ActiveCfg = Debug|Any CPU
		{BBF2995E-3AA7-4F02-B5DF-EE5BD4A3CFAC}.Debug|Any CPU.Build.0 = Debug|Any CPU
		{BBF2995E-3AA7-4F02-B5DF-EE5BD4A3CFAC}.Release|Any CPU.ActiveCfg = Release|Any CPU
		{BBF2995E-3AA7-4F02-B5DF-EE5BD4A3CFAC}.Release|Any CPU.Build.0 = Release|Any CPU
	EndGlobalSection
	GlobalSection(SolutionProperties) = preSolution
		HideSolutionNode = FALSE
	EndGlobalSection
	GlobalSection(ExtensibilityGlobals) = postSolution
		SolutionGuid = {F333241E-E253-4C48-A27C-CE11425825F7}
	EndGlobalSection
EndGlobal
